
Microsoft Visual Studio Solution File, Format Version 12.00
# Visual Studio Version 17
VisualStudioVersion = 17.3.32922.545
MinimumVisualStudioVersion = 10.0.40219.1
Project("{888888A0-9F3D-457C-B088-3A5042F75D52}") = "imtrying", "imtrying.pyproj", "{F201601E-1965-4F80-BC0A-DC6687565DCE}"
EndProject
Global
	GlobalSection(SolutionConfigurationPlatforms) = preSolution
		Debug|Any CPU = Debug|Any CPU
		Release|Any CPU = Release|Any CPU
	EndGlobalSection
	GlobalSection(ProjectConfigurationPlatforms) = postSolution
		{F201601E-1965-4F80-BC0A-DC6687565DCE}.Debug|Any CPU.ActiveCfg = Debug|Any CPU
		{F201601E-1965-4F80-BC0A-DC6687565DCE}.Release|Any CPU.ActiveCfg = Release|Any CPU
	EndGlobalSection
	GlobalSection(SolutionProperties) = preSolution
		HideSolutionNode = FALSE
	EndGlobalSection
	GlobalSection(ExtensibilityGlobals) = postSolution
		SolutionGuid = {914F5188-7390-4E96-B896-0348EDDC4B75}
	EndGlobalSection
EndGlobal
